
Microsoft Visual Studio Solution File, Format Version 12.00
# Visual Studio 2013
VisualStudioVersion = 12.0.21005.1
MinimumVisualStudioVersion = 10.0.40219.1
Project("{FAE04EC0-301F-11D3-BF4B-00C04F79EFBC}") = "Labb 1", "Labb 1.csproj", "{53701266-58F5-4A1D-AEDD-4829F9826EB9}"
EndProject
Global
	GlobalSection(SolutionConfigurationPlatforms) = preSolution
		Debug|Any CPU = Debug|Any CPU
		Release|Any CPU = Release|Any CPU
	EndGlobalSection
	GlobalSection(ProjectConfigurationPlatforms) = postSolution
		{53701266-58F5-4A1D-AEDD-4829F9826EB9}.Debug|Any CPU.ActiveCfg = Debug|Any CPU
		{53701266-58F5-4A1D-AEDD-4829F9826EB9}.Debug|Any CPU.Build.0 = Debug|Any CPU
		{53701266-58F5-4A1D-AEDD-4829F9826EB9}.Release|Any CPU.ActiveCfg = Release|Any CPU
		{53701266-58F5-4A1D-AEDD-4829F9826EB9}.Release|Any CPU.Build.0 = Release|Any CPU
	EndGlobalSection
	GlobalSection(SolutionProperties) = preSolution
		HideSolutionNode = FALSE
	EndGlobalSection
EndGlobal
